
Microsoft Visual Studio Solution File, Format Version 12.00
# Visual Studio Version 17
VisualStudioVersion = 17.10.35027.167
MinimumVisualStudioVersion = 10.0.40219.1
Project("{FAE04EC0-301F-11D3-BF4B-00C04F79EFBC}") = "YGOHandAnalysisFramework", "YGOHandAnalysisFramework\YGOHandAnalysisFramework.csproj", "{F83C761C-9FDC-4C82-996C-5F2D5889EBE7}"
EndProject
Project("{2150E333-8FDC-42A3-9474-1A3956D46DE8}") = "Solution Items", "Solution Items", "{419A0CAA-8A99-4CEB-AE54-B6E89B3775A4}"
	ProjectSection(SolutionItems) = preProject
		.editorconfig = .editorconfig
	EndProjectSection
EndProject
Global
	GlobalSection(SolutionConfigurationPlatforms) = preSolution
		Debug|Any CPU = Debug|Any CPU
		Release|Any CPU = Release|Any CPU
	EndGlobalSection
	GlobalSection(ProjectConfigurationPlatforms) = postSolution
		{F83C761C-9FDC-4C82-996C-5F2D5889EBE7}.Debug|Any CPU.ActiveCfg = Debug|Any CPU
		{F83C761C-9FDC-4C82-996C-5F2D5889EBE7}.Debug|Any CPU.Build.0 = Debug|Any CPU
		{F83C761C-9FDC-4C82-996C-5F2D5889EBE7}.Release|Any CPU.ActiveCfg = Release|Any CPU
		{F83C761C-9FDC-4C82-996C-5F2D5889EBE7}.Release|Any CPU.Build.0 = Release|Any CPU
	EndGlobalSection
	GlobalSection(SolutionProperties) = preSolution
		HideSolutionNode = FALSE
	EndGlobalSection
	GlobalSection(ExtensibilityGlobals) = postSolution
		SolutionGuid = {44EE0A0C-07BD-4A15-822D-36B59F0ECEBA}
	EndGlobalSection
EndGlobal
